// !$*UTF8*$!
{
	archiveVersion = 1;
	classes = {
	};
	objectVersion = 77;
	objects = {

/* Begin PBXContainerItemProxy section */
		3F5553EB2E60FF9B007C8BD4 /* PBXContainerItemProxy */ = {
			isa = PBXContainerItemProxy;
			containerPortal = 3F5553D12E60FF98007C8BD4 /* Project object */;
			proxyType = 1;
			remoteGlobalIDString = 3F5553D82E60FF98007C8BD4;
			remoteInfo = PRessureApp;
		};
		3F5553F52E60FF9B007C8BD4 /* PBXContainerItemProxy */ = {
			isa = PBXContainerItemProxy;
			containerPortal = 3F5553D12E60FF98007C8BD4 /* Project object */;
			proxyType = 1;
			remoteGlobalIDString = 3F5553D82E60FF98007C8BD4;
			remoteInfo = PRessureApp;
		};
/* End PBXContainerItemProxy section */

/* Begin PBXFileReference section */
		3F5553D92E60FF98007C8BD4 /* PRessureApp.app */ = {isa = PBXFileReference; explicitFileType = wrapper.application; includeInIndex = 0; path = PRessureApp.app; sourceTree = BUILT_PRODUCTS_DIR; };
		3F5553EA2E60FF9B007C8BD4 /* PRessureAppTests.xctest */ = {isa = PBXFileReference; explicitFileType = wrapper.cfbundle; includeInIndex = 0; path = PRessureAppTests.xctest; sourceTree = BUILT_PRODUCTS_DIR; };
		3F5553F42E60FF9B007C8BD4 /* PRessureAppUITests.xctest */ = {isa = PBXFileReference; explicitFileType = wrapper.cfbundle; includeInIndex = 0; path = PRessureAppUITests.xctest; sourceTree = BUILT_PRODUCTS_DIR; };
/* End PBXFileReference section */

/* Begin PBXFileSystemSynchronizedBuildFileExceptionSet section */
		3F5553FC2E60FF9B007C8BD4 /* Exceptions for "PRessureApp" folder in "PRessureApp" target */ = {
			isa = PBXFileSystemSynchronizedBuildFileExceptionSet;
			membershipExceptions = (
				Info.plist,
			);
			target = 3F5553D82E60FF98007C8BD4 /* PRessureApp */;
		};
/* End PBXFileSystemSynchronizedBuildFileExceptionSet section */

/* Begin PBXFileSystemSynchronizedRootGroup section */
		3F5553DB2E60FF98007C8BD4 /* PRessureApp */ = {
			isa = PBXFileSystemSynchronizedRootGroup;
			exceptions = (
				3F5553FC2E60FF9B007C8BD4 /* Exceptions for "PRessureApp" folder in "PRessureApp" target */,
			);
			path = PRessureApp;
			sourceTree = "<group>";
		};
		3F5553ED2E60FF9B007C8BD4 /* PRessureAppTests */ = {
			isa = PBXFileSystemSynchronizedRootGroup;
			path = PRessureAppTests;
			sourceTree = "<group>";
		};
		3F5553F72E60FF9B007C8BD4 /* PRessureAppUITests */ = {
			isa = PBXFileSystemSynchronizedRootGroup;
			path = PRessureAppUITests;
			sourceTree = "<group>";
		};
/* End PBXFileSystemSynchronizedRootGroup section */

/* Begin PBXFrameworksBuildPhase section */
		3F5553D62E60FF98007C8BD4 /* Frameworks */ = {
			isa = PBXFrameworksBuildPhase;
			buildActionMask = 2147483647;
			files = (
			);
			runOnlyForDeploymentPostprocessing = 0;
		};
		3F5553E72E60FF9B007C8BD4 /* Frameworks */ = {
			isa = PBXFrameworksBuildPhase;
			buildActionMask = 2147483647;
			files = (
			);
			runOnlyForDeploymentPostprocessing = 0;
		};
		3F5553F12E60FF9B007C8BD4 /* Frameworks */ = {
			isa = PBXFrameworksBuildPhase;
			buildActionMask = 2147483647;
			files = (
			);
			runOnlyForDeploymentPostprocessing = 0;
		};
/* End PBXFrameworksBuildPhase section */

/* Begin PBXGroup section */
		3F5553D02E60FF98007C8BD4 = {
			isa = PBXGroup;
			children = (
				3F5553DB2E60FF98007C8BD4 /* PRessureApp */,
				3F5553ED2E60FF9B007C8BD4 /* PRessureAppTests */,
				3F5553F72E60FF9B007C8BD4 /* PRessureAppUITests */,
				3F5553DA2E60FF98007C8BD4 /* Products */,
			);
			sourceTree = "<group>";
		};
		3F5553DA2E60FF98007C8BD4 /* Products */ = {
			isa = PBXGroup;
			children = (
				3F5553D92E60FF98007C8BD4 /* PRessureApp.app */,
				3F5553EA2E60FF9B007C8BD4 /* PRessureAppTests.xctest */,
				3F5553F42E60FF9B007C8BD4 /* PRessureAppUITests.xctest */,
			);
			name = Products;
			sourceTree = "<group>";
		};
/* End PBXGroup section */

/* Begin PBXNativeTarget section */
		3F5553D82E60FF98007C8BD4 /* PRessureApp */ = {
			isa = PBXNativeTarget;
			buildConfigurationList = 3F5553FD2E60FF9B007C8BD4 /* Build configuration list for PBXNativeTarget "PRessureApp" */;
			buildPhases = (
				3F5553D52E60FF98007C8BD4 /* Sources */,
				3F5553D62E60FF98007C8BD4 /* Frameworks */,
				3F5553D72E60FF98007C8BD4 /* Resources */,
			);
			buildRules = (
			);
			dependencies = (
			);
			fileSystemSynchronizedGroups = (
				3F5553DB2E60FF98007C8BD4 /* PRessureApp */,
			);
			name = PRessureApp;
			packageProductDependencies = (
			);
			productName = PRessureApp;
			productReference = 3F5553D92E60FF98007C8BD4 /* PRessureApp.app */;
			productType = "com.apple.product-type.application";
		};
		3F5553E92E60FF9B007C8BD4 /* PRessureAppTests */ = {
			isa = PBXNativeTarget;
			buildConfigurationList = 3F5554022E60FF9B007C8BD4 /* Build configuration list for PBXNativeTarget "PRessureAppTests" */;
			buildPhases = (
				3F5553E62E60FF9B007C8BD4 /* Sources */,
				3F5553E72E60FF9B007C8BD4 /* Frameworks */,
				3F5553E82E60FF9B007C8BD4 /* Resources */,
			);
			buildRules = (
			);
			dependencies = (
				3F5553EC2E60FF9B007C8BD4 /* PBXTargetDependency */,
			);
			fileSystemSynchronizedGroups = (
				3F5553ED2E60FF9B007C8BD4 /* PRessureAppTests */,
			);
			name = PRessureAppTests;
			packageProductDependencies = (
			);
			productName = PRessureAppTests;
			productReference = 3F5553EA2E60FF9B007C8BD4 /* PRessureAppTests.xctest */;
			productType = "com.apple.product-type.bundle.unit-test";
		};
		3F5553F32E60FF9B007C8BD4 /* PRessureAppUITests */ = {
			isa = PBXNativeTarget;
			buildConfigurationList = 3F5554052E60FF9B007C8BD4 /* Build configuration list for PBXNativeTarget "PRessureAppUITests" */;
			buildPhases = (
				3F5553F02E60FF9B007C8BD4 /* Sources */,
				3F5553F12E60FF9B007C8BD4 /* Frameworks */,
				3F5553F22E60FF9B007C8BD4 /* Resources */,
			);
			buildRules = (
			);
			dependencies = (
				3F5553F62E60FF9B007C8BD4 /* PBXTargetDependency */,
			);
			fileSystemSynchronizedGroups = (
				3F5553F72E60FF9B007C8BD4 /* PRessureAppUITests */,
			);
			name = PRessureAppUITests;
			packageProductDependencies = (
			);
			productName = PRessureAppUITests;
			productReference = 3F5553F42E60FF9B007C8BD4 /* PRessureAppUITests.xctest */;
			productType = "com.apple.product-type.bundle.ui-testing";
		};
/* End PBXNativeTarget section */

/* Begin PBXProject section */
		3F5553D12E60FF98007C8BD4 /* Project object */ = {
			isa = PBXProject;
			attributes = {
				BuildIndependentTargetsInParallel = 1;
				LastSwiftUpdateCheck = 1640;
				LastUpgradeCheck = 1640;
				TargetAttributes = {
					3F5553D82E60FF98007C8BD4 = {
						CreatedOnToolsVersion = 16.4;
					};
					3F5553E92E60FF9B007C8BD4 = {
						CreatedOnToolsVersion = 16.4;
						TestTargetID = 3F5553D82E60FF98007C8BD4;
					};
					3F5553F32E60FF9B007C8BD4 = {
						CreatedOnToolsVersion = 16.4;
						TestTargetID = 3F5553D82E60FF98007C8BD4;
					};
				};
			};
			buildConfigurationList = 3F5553D42E60FF98007C8BD4 /* Build configuration list for PBXProject "PRessureApp" */;
			developmentRegion = en;
			hasScannedForEncodings = 0;
			knownRegions = (
				en,
				Base,
			);
			mainGroup = 3F5553D02E60FF98007C8BD4;
			minimizedProjectReferenceProxies = 1;
			preferredProjectObjectVersion = 77;
			productRefGroup = 3F5553DA2E60FF98007C8BD4 /* Products */;
			projectDirPath = "";
			projectRoot = "";
			targets = (
				3F5553D82E60FF98007C8BD4 /* PRessureApp */,
				3F5553E92E60FF9B007C8BD4 /* PRessureAppTests */,
				3F5553F32E60FF9B007C8BD4 /* PRessureAppUITests */,
			);
		};
/* End PBXProject section */

/* Begin PBXResourcesBuildPhase section */
		3F5553D72E60FF98007C8BD4 /* Resources */ = {
			isa = PBXResourcesBuildPhase;
			buildActionMask = 2147483647;
			files = (
			);
			runOnlyForDeploymentPostprocessing = 0;
		};
		3F5553E82E60FF9B007C8BD4 /* Resources */ = {
			isa = PBXResourcesBuildPhase;
			buildActionMask = 2147483647;
			files = (
			);
			runOnlyForDeploymentPostprocessing = 0;
		};
		3F5553F22E60FF9B007C8BD4 /* Resources */ = {
			isa = PBXResourcesBuildPhase;
			buildActionMask = 2147483647;
			files = (
			);
			runOnlyForDeploymentPostprocessing = 0;
		};
/* End PBXResourcesBuildPhase section */

/* Begin PBXSourcesBuildPhase section */
		3F5553D52E60FF98007C8BD4 /* Sources */ = {
			isa = PBXSourcesBuildPhase;
			buildActionMask = 2147483647;
			files = (
			);
			runOnlyForDeploymentPostprocessing = 0;
		};
		3F5553E62E60FF9B007C8BD4 /* Sources */ = {
			isa = PBXSourcesBuildPhase;
			buildActionMask = 2147483647;
			files = (
			);
			runOnlyForDeploymentPostprocessing = 0;
		};
		3F5553F02E60FF9B007C8BD4 /* Sources */ = {
			isa = PBXSourcesBuildPhase;
			buildActionMask = 2147483647;
			files = (
			);
			runOnlyForDeploymentPostprocessing = 0;
		};
/* End PBXSourcesBuildPhase section */

/* Begin PBXTargetDependency section */
		3F5553EC2E60FF9B007C8BD4 /* PBXTargetDependency */ = {
			isa = PBXTargetDependency;
			target = 3F5553D82E60FF98007C8BD4 /* PRessureApp */;
			targetProxy = 3F5553EB2E60FF9B007C8BD4 /* PBXContainerItemProxy */;
		};
		3F5553F62E60FF9B007C8BD4 /* PBXTargetDependency */ = {
			isa = PBXTargetDependency;
			target = 3F5553D82E60FF98007C8BD4 /* PRessureApp */;
			targetProxy = 3F5553F52E60FF9B007C8BD4 /* PBXContainerItemProxy */;
		};
/* End PBXTargetDependency section */

/* Begin XCBuildConfiguration section */
		3F5553FE2E60FF9B007C8BD4 /* Debug */ = {
			isa = XCBuildConfiguration;
			buildSettings = {
				ASSETCATALOG_COMPILER_APPICON_NAME = AppIcon;
				ASSETCATALOG_COMPILER_GLOBAL_ACCENT_COLOR_NAME = AccentColor;
				CODE_SIGN_ENTITLEMENTS = PRessureApp/PRessureApp.entitlements;
				CODE_SIGN_STYLE = Automatic;
				CURRENT_PROJECT_VERSION = 1;
				DEVELOPMENT_TEAM = N6P6VK2JD9;
				ENABLE_PREVIEWS = YES;
				GENERATE_INFOPLIST_FILE = YES;
				INFOPLIST_FILE = PRessureApp/Info.plist;
				INFOPLIST_KEY_UIApplicationSceneManifest_Generation = YES;
				INFOPLIST_KEY_UIApplicationSupportsIndirectInputEvents = YES;
				INFOPLIST_KEY_UILaunchScreen_Generation = YES;
				INFOPLIST_KEY_UISupportedInterfaceOrientations_iPad = "UIInterfaceOrientationPortrait UIInterfaceOrientationPortraitUpsideDown UIInterfaceOrientationLandscapeLeft UIInterfaceOrientationLandscapeRight";
				INFOPLIST_KEY_UISupportedInterfaceOrientations_iPhone = "UIInterfaceOrientationPortrait UIInterfaceOrientationLandscapeLeft UIInterfaceOrientationLandscapeRight";
				LD_RUNPATH_SEARCH_PATHS = (
					"$(inherited)",
					"@executable_path/Frameworks",
				);
				MARKETING_VERSION = 1.0;
				PRODUCT_BUNDLE_IDENTIFIER = com.dsherli.PRessureApp;
				PRODUCT_NAME = "$(TARGET_NAME)";
				SWIFT_EMIT_LOC_STRINGS = YES;
				SWIFT_VERSION = 5.0;
				TARGETED_DEVICE_FAMILY = "1,2";
			};
			name = Debug;
		};
		3F5553FF2E60FF9B007C8BD4 /* Release */ = {
			isa = XCBuildConfiguration;
			buildSettings = {
				ASSETCATALOG_COMPILER_APPICON_NAME = AppIcon;
				ASSETCATALOG_COMPILER_GLOBAL_ACCENT_COLOR_NAME = AccentColor;
				CODE_SIGN_ENTITLEMENTS = PRessureApp/PRessureApp.entitlements;
				CODE_SIGN_STYLE = Automatic;
				CURRENT_PROJECT_VERSION = 1;
				DEVELOPMENT_TEAM = N6P6VK2JD9;
				ENABLE_PREVIEWS = YES;
				GENERATE_INFOPLIST_FILE = YES;
				INFOPLIST_FILE = PRessureApp/Info.plist;
				INFOPLIST_KEY_UIApplicationSceneManifest_Generation = YES;
				INFOPLIST_KEY_UIApplicationSupportsIndirectInputEvents = YES;
				INFOPLIST_KEY_UILaunchScreen_Generation = YES;
				INFOPLIST_KEY_UISupportedInterfaceOrientations_iPad = "UIInterfaceOrientationPortrait UIInterfaceOrientationPortraitUpsideDown UIInterfaceOrientationLandscapeLeft UIInterfaceOrientationLandscapeRight";
				INFOPLIST_KEY_UISupportedInterfaceOrientations_iPhone = "UIInterfaceOrientationPortrait UIInterfaceOrientationLandscapeLeft UIInterfaceOrientationLandscapeRight";
				LD_RUNPATH_SEARCH_PATHS = (
					"$(inherited)",
					"@executable_path/Frameworks",
				);
				MARKETING_VERSION = 1.0;
				PRODUCT_BUNDLE_IDENTIFIER = com.dsherli.PRessureApp;
				PRODUCT_NAME = "$(TARGET_NAME)";
				SWIFT_EMIT_LOC_STRINGS = YES;
				SWIFT_VERSION = 5.0;
				TARGETED_DEVICE_FAMILY = "1,2";
			};
			name = Release;
		};
		3F5554002E60FF9B007C8BD4 /* Debug */ = {
			isa = XCBuildConfiguration;
			buildSettings = {
				ALWAYS_SEARCH_USER_PATHS = NO;
				ASSETCATALOG_COMPILER_GENERATE_SWIFT_ASSET_SYMBOL_EXTENSIONS = YES;
				CLANG_ANALYZER_NONNULL = YES;
				CLANG_ANALYZER_NUMBER_OBJECT_CONVERSION = YES_AGGRESSIVE;
				CLANG_CXX_LANGUAGE_STANDARD = "gnu++20";
				CLANG_ENABLE_MODULES = YES;
				CLANG_ENABLE_OBJC_ARC = YES;
				CLANG_ENABLE_OBJC_WEAK = YES;
				CLANG_WARN_BLOCK_CAPTURE_AUTORELEASING = YES;
				CLANG_WARN_BOOL_CONVERSION = YES;
				CLANG_WARN_COMMA = YES;
				CLANG_WARN_CONSTANT_CONVERSION = YES;
				CLANG_WARN_DEPRECATED_OBJC_IMPLEMENTATIONS = YES;
				CLANG_WARN_DIRECT_OBJC_ISA_USAGE = YES_ERROR;
				CLANG_WARN_DOCUMENTATION_COMMENTS = YES;
				CLANG_WARN_EMPTY_BODY = YES;
				CLANG_WARN_ENUM_CONVERSION = YES;
				CLANG_WARN_INFINITE_RECURSION = YES;
				CLANG_WARN_INT_CONVERSION = YES;
				CLANG_WARN_NON_LITERAL_NULL_CONVERSION = YES;
				CLANG_WARN_OBJC_IMPLICIT_RETAIN_SELF = YES;
				CLANG_WARN_OBJC_LITERAL_CONVERSION = YES;
				CLANG_WARN_OBJC_ROOT_CLASS = YES_ERROR;
				CLANG_WARN_QUOTED_INCLUDE_IN_FRAMEWORK_HEADER = YES;
				CLANG_WARN_RANGE_LOOP_ANALYSIS = YES;
				CLANG_WARN_STRICT_PROTOTYPES = YES;
				CLANG_WARN_SUSPICIOUS_MOVE = YES;
				CLANG_WARN_UNGUARDED_AVAILABILITY = YES_AGGRESSIVE;
				CLANG_WARN_UNREACHABLE_CODE = YES;
				CLANG_WARN__DUPLICATE_METHOD_MATCH = YES;
				COPY_PHASE_STRIP = NO;
				DEBUG_INFORMATION_FORMAT = dwarf;
				DEVELOPMENT_TEAM = N6P6VK2JD9;
				ENABLE_STRICT_OBJC_MSGSEND = YES;
				ENABLE_TESTABILITY = YES;
				ENABLE_USER_SCRIPT_SANDBOXING = YES;
				GCC_C_LANGUAGE_STANDARD = gnu17;
				GCC_DYNAMIC_NO_PIC = NO;
				GCC_NO_COMMON_BLOCKS = YES;
				GCC_OPTIMIZATION_LEVEL = 0;
				GCC_PREPROCESSOR_DEFINITIONS = (
					"DEBUG=1",
					"$(inherited)",
				);
				GCC_WARN_64_TO_32_BIT_CONVERSION = YES;
				GCC_WARN_ABOUT_RETURN_TYPE = YES_ERROR;
				GCC_WARN_UNDECLARED_SELECTOR = YES;
				GCC_WARN_UNINITIALIZED_AUTOS = YES_AGGRESSIVE;
				GCC_WARN_UNUSED_FUNCTION = YES;
				GCC_WARN_UNUSED_VARIABLE = YES;
				IPHONEOS_DEPLOYMENT_TARGET = 18.5;
				LOCALIZATION_PREFERS_STRING_CATALOGS = YES;
				MTL_ENABLE_DEBUG_INFO = INCLUDE_SOURCE;
				MTL_FAST_MATH = YES;
				ONLY_ACTIVE_ARCH = YES;
				SDKROOT = iphoneos;
				SWIFT_ACTIVE_COMPILATION_CONDITIONS = "DEBUG $(inherited)";
				SWIFT_OPTIMIZATION_LEVEL = "-Onone";
			};
			name = Debug;
		};
		3F5554012E60FF9B007C8BD4 /* Release */ = {
			isa = XCBuildConfiguration;
			buildSettings = {
				ALWAYS_SEARCH_USER_PATHS = NO;
				ASSETCATALOG_COMPILER_GENERATE_SWIFT_ASSET_SYMBOL_EXTENSIONS = YES;
				CLANG_ANALYZER_NONNULL = YES;
				CLANG_ANALYZER_NUMBER_OBJECT_CONVERSION = YES_AGGRESSIVE;
				CLANG_CXX_LANGUAGE_STANDARD = "gnu++20";
				CLANG_ENABLE_MODULES = YES;
				CLANG_ENABLE_OBJC_ARC = YES;
				CLANG_ENABLE_OBJC_WEAK = YES;
				CLANG_WARN_BLOCK_CAPTURE_AUTORELEASING = YES;
				CLANG_WARN_BOOL_CONVERSION = YES;
				CLANG_WARN_COMMA = YES;
				CLANG_WARN_CONSTANT_CONVERSION = YES;
				CLANG_WARN_DEPRECATED_OBJC_IMPLEMENTATIONS = YES;
				CLANG_WARN_DIRECT_OBJC_ISA_USAGE = YES_ERROR;
				CLANG_WARN_DOCUMENTATION_COMMENTS = YES;
				CLANG_WARN_EMPTY_BODY = YES;
				CLANG_WARN_ENUM_CONVERSION = YES;
				CLANG_WARN_INFINITE_RECURSION = YES;
				CLANG_WARN_INT_CONVERSION = YES;
				CLANG_WARN_NON_LITERAL_NULL_CONVERSION = YES;
				CLANG_WARN_OBJC_IMPLICIT_RETAIN_SELF = YES;
				CLANG_WARN_OBJC_LITERAL_CONVERSION = YES;
				CLANG_WARN_OBJC_ROOT_CLASS = YES_ERROR;
				CLANG_WARN_QUOTED_INCLUDE_IN_FRAMEWORK_HEADER = YES;
				CLANG_WARN_RANGE_LOOP_ANALYSIS = YES;
				CLANG_WARN_STRICT_PROTOTYPES = YES;
				CLANG_WARN_SUSPICIOUS_MOVE = YES;
				CLANG_WARN_UNGUARDED_AVAILABILITY = YES_AGGRESSIVE;
				CLANG_WARN_UNREACHABLE_CODE = YES;
				CLANG_WARN__DUPLICATE_METHOD_MATCH = YES;
				COPY_PHASE_STRIP = NO;
				DEBUG_INFORMATION_FORMAT = "dwarf-with-dsym";
				DEVELOPMENT_TEAM = N6P6VK2JD9;
				ENABLE_NS_ASSERTIONS = NO;
				ENABLE_STRICT_OBJC_MSGSEND = YES;
				ENABLE_USER_SCRIPT_SANDBOXING = YES;
				GCC_C_LANGUAGE_STANDARD = gnu17;
				GCC_NO_COMMON_BLOCKS = YES;
				GCC_WARN_64_TO_32_BIT_CONVERSION = YES;
				GCC_WARN_ABOUT_RETURN_TYPE = YES_ERROR;
				GCC_WARN_UNDECLARED_SELECTOR = YES;
				GCC_WARN_UNINITIALIZED_AUTOS = YES_AGGRESSIVE;
				GCC_WARN_UNUSED_FUNCTION = YES;
				GCC_WARN_UNUSED_VARIABLE = YES;
				IPHONEOS_DEPLOYMENT_TARGET = 18.5;
				LOCALIZATION_PREFERS_STRING_CATALOGS = YES;
				MTL_ENABLE_DEBUG_INFO = NO;
				MTL_FAST_MATH = YES;
				SDKROOT = iphoneos;
				SWIFT_COMPILATION_MODE = wholemodule;
				VALIDATE_PRODUCT = YES;
			};
			name = Release;
		};
		3F5554032E60FF9B007C8BD4 /* Debug */ = {
			isa = XCBuildConfiguration;
			buildSettings = {
				BUNDLE_LOADER = "$(TEST_HOST)";
				CODE_SIGN_STYLE = Automatic;
				CURRENT_PROJECT_VERSION = 1;
				DEVELOPMENT_TEAM = N6P6VK2JD9;
				GENERATE_INFOPLIST_FILE = YES;
				IPHONEOS_DEPLOYMENT_TARGET = 18.5;
				MARKETING_VERSION = 1.0;
				PRODUCT_BUNDLE_IDENTIFIER = com.dsherli.PRessureAppTests;
				PRODUCT_NAME = "$(TARGET_NAME)";
				SWIFT_EMIT_LOC_STRINGS = NO;
				SWIFT_VERSION = 5.0;
				TARGETED_DEVICE_FAMILY = "1,2";
				TEST_HOST = "$(BUILT_PRODUCTS_DIR)/PRessureApp.app/$(BUNDLE_EXECUTABLE_FOLDER_PATH)/PRessureApp";
			};
			name = Debug;
		};
		3F5554042E60FF9B007C8BD4 /* Release */ = {
			isa = XCBuildConfiguration;
			buildSettings = {
				BUNDLE_LOADER = "$(TEST_HOST)";
				CODE_SIGN_STYLE = Automatic;
				CURRENT_PROJECT_VERSION = 1;
				DEVELOPMENT_TEAM = N6P6VK2JD9;
				GENERATE_INFOPLIST_FILE = YES;
				IPHONEOS_DEPLOYMENT_TARGET = 18.5;
				MARKETING_VERSION = 1.0;
				PRODUCT_BUNDLE_IDENTIFIER = com.dsherli.PRessureAppTests;
				PRODUCT_NAME = "$(TARGET_NAME)";
				SWIFT_EMIT_LOC_STRINGS = NO;
				SWIFT_VERSION = 5.0;
				TARGETED_DEVICE_FAMILY = "1,2";
				TEST_HOST = "$(BUILT_PRODUCTS_DIR)/PRessureApp.app/$(BUNDLE_EXECUTABLE_FOLDER_PATH)/PRessureApp";
			};
			name = Release;
		};
		3F5554062E60FF9B007C8BD4 /* Debug */ = {
			isa = XCBuildConfiguration;
			buildSettings = {
				CODE_SIGN_STYLE = Automatic;
				CURRENT_PROJECT_VERSION = 1;
				DEVELOPMENT_TEAM = N6P6VK2JD9;
				GENERATE_INFOPLIST_FILE = YES;
				MARKETING_VERSION = 1.0;
				PRODUCT_BUNDLE_IDENTIFIER = com.dsherli.PRessureAppUITests;
				PRODUCT_NAME = "$(TARGET_NAME)";
				SWIFT_EMIT_LOC_STRINGS = NO;
				SWIFT_VERSION = 5.0;
				TARGETED_DEVICE_FAMILY = "1,2";
				TEST_TARGET_NAME = PRessureApp;
			};
			name = Debug;
		};
		3F5554072E60FF9B007C8BD4 /* Release */ = {
			isa = XCBuildConfiguration;
			buildSettings = {
				CODE_SIGN_STYLE = Automatic;
				CURRENT_PROJECT_VERSION = 1;
				DEVELOPMENT_TEAM = N6P6VK2JD9;
				GENERATE_INFOPLIST_FILE = YES;
				MARKETING_VERSION = 1.0;
				PRODUCT_BUNDLE_IDENTIFIER = com.dsherli.PRessureAppUITests;
				PRODUCT_NAME = "$(TARGET_NAME)";
				SWIFT_EMIT_LOC_STRINGS = NO;
				SWIFT_VERSION = 5.0;
				TARGETED_DEVICE_FAMILY = "1,2";
				TEST_TARGET_NAME = PRessureApp;
			};
			name = Release;
		};
/* End XCBuildConfiguration section */

/* Begin XCConfigurationList section */
		3F5553D42E60FF98007C8BD4 /* Build configuration list for PBXProject "PRessureApp" */ = {
			isa = XCConfigurationList;
			buildConfigurations = (
				3F5554002E60FF9B007C8BD4 /* Debug */,
				3F5554012E60FF9B007C8BD4 /* Release */,
			);
			defaultConfigurationIsVisible = 0;
			defaultConfigurationName = Release;
		};
		3F5553FD2E60FF9B007C8BD4 /* Build configuration list for PBXNativeTarget "PRessureApp" */ = {
			isa = XCConfigurationList;
			buildConfigurations = (
				3F5553FE2E60FF9B007C8BD4 /* Debug */,
				3F5553FF2E60FF9B007C8BD4 /* Release */,
			);
			defaultConfigurationIsVisible = 0;
			defaultConfigurationName = Release;
		};
		3F5554022E60FF9B007C8BD4 /* Build configuration list for PBXNativeTarget "PRessureAppTests" */ = {
			isa = XCConfigurationList;
			buildConfigurations = (
				3F5554032E60FF9B007C8BD4 /* Debug */,
				3F5554042E60FF9B007C8BD4 /* Release */,
			);
			defaultConfigurationIsVisible = 0;
			defaultConfigurationName = Release;
		};
		3F5554052E60FF9B007C8BD4 /* Build configuration list for PBXNativeTarget "PRessureAppUITests" */ = {
			isa = XCConfigurationList;
			buildConfigurations = (
				3F5554062E60FF9B007C8BD4 /* Debug */,
				3F5554072E60FF9B007C8BD4 /* Release */,
			);
			defaultConfigurationIsVisible = 0;
			defaultConfigurationName = Release;
		};
/* End XCConfigurationList section */
	};
	rootObject = 3F5553D12E60FF98007C8BD4 /* Project object */;
}
